version = 1
revision = 2
requires-python = ">=3.10, <3.13"
resolution-markers = [
    "python_full_version >= '3.11'",
    "python_full_version < '3.11'",
]

[[package]]
name = "depthai"
version = "3.7.1"
source = { registry = "https://pypi.org/simple" }
dependencies = [
    { name = "numpy", version = "2.2.6", source = { registry = "https://pypi.org/simple" }, marker = "python_full_version < '3.11'" },
    { name = "numpy", version = "2.4.6", source = { registry = "https://pypi.org/simple" }, marker = "python_full_version >= '3.11'" },
]
wheels = [
    { url = "https://files.pythonhosted.org/packages/67/7c/1f295a8294ac133f94876861eb377e9ed8af8bdc0fef7092e4dbdaf9be2e/depthai-3.7.1-cp39.cp310.cp311.cp312.cp313.cp314-cp39.cp310.cp311.cp312.cp313.cp314-macosx_11_0_arm64.whl", hash = "sha256:a37158f7a98c2f50f2df195c1e73e70efaba6d00841147bce51a51a10749fa10", size = 63433318, upload-time = "2026-06-07T19:41:08.402Z" },
    { url = "https://files.pythonhosted.org/packages/c7/82/ce282a53a1df67b932536b766f0e97fd4ab0ffca40e7379e6fe592b5065f/depthai-3.7.1-cp39.cp310.cp311.cp312.cp313.cp314-cp39.cp310.cp311.cp312.cp313.cp314-macosx_11_0_x86_64.whl", hash = "sha256:f7f231b2169824e9dd233b07c22f00412f8d765737ee0043cc11ed2353e0e0e0", size = 66940650, upload-time = "2026-06-07T19:41:16.135Z" },
    { url = "https://files.pythonhosted.org/packages/08/58/344f8340cc70dc358c7578e0d581a958847eb9814cbca52463f0f606419e/depthai-3.7.1-cp39.cp310.cp311.cp312.cp313.cp314-cp39.cp310.cp311.cp312.cp313.cp314-manylinux_2_28_aarch64.whl", hash = "sha256:64b10ce0790efa1ba1b0f59a023626847305d50e19758226a7a65e1cd51e982e", size = 77561801, upload-time = "2026-06-07T19:41:24.944Z" },
    { url = "https://files.pythonhosted.org/packages/3d/d1/c9da1551188e0b0e3c8557d1f2ca96f5032f1c551fa51ae662537888466e/depthai-3.7.1-cp39.cp310.cp311.cp312.cp313.cp314-cp39.cp310.cp311.cp312.cp313.cp314-manylinux_2_28_x86_64.whl", hash = "sha256:c0ace72d6cb4ae0806430892d8634fdb5f2a0a51101e1791cd49b7417cfd2a2b", size = 82659963, upload-time = "2026-06-07T19:41:30.544Z" },
    { url = "https://files.pythonhosted.org/packages/d2/b9/49b78d1adb538a61aef5b8980df4b1af5b5661a279a4f064c8d906b0c84c/depthai-3.7.1-cp39.cp310.cp311.cp312.cp313.cp314-cp39.cp310.cp311.cp312.cp313.cp314-win_amd64.whl", hash = "sha256:adc2ec31e5fd42d32c15416ef522ba4065e2d21b06327770506b344d6e55a83b", size = 67740097, upload-time = "2026-06-07T19:41:35.527Z" },
]

[[package]]
name = "numpy"
version = "2.2.6"
source = { registry = "https://pypi.org/simple" }
resolution-markers = [
    "python_full_version < '3.11'",
]
sdist = { url = "https://files.pythonhosted.org/packages/76/21/7d2a95e4bba9dc13d043ee156a356c0a8f0c6309dff6b21b4d71a073b8a8/numpy-2.2.6.tar.gz", hash = "sha256:e29554e2bef54a90aa5cc07da6ce955accb83f21ab5de01a62c8478897b264fd", size = 20276440, upload-time = "2025-05-17T22:38:04.611Z" }
wheels = [
    { url = "https://files.pythonhosted.org/packages/9a/3e/ed6db5be21ce87955c0cbd3009f2803f59fa08df21b5df06862e2d8e2bdd/numpy-2.2.6-cp310-cp310-macosx_10_9_x86_64.whl", hash = "sha256:b412caa66f72040e6d268491a59f2c43bf03eb6c96dd8f0307829feb7fa2b6fb", size = 21165245, upload-time = "2025-05-17T21:27:58.555Z" },
    { url = "https://files.pythonhosted.org/packages/22/c2/4b9221495b2a132cc9d2eb862e21d42a009f5a60e45fc44b00118c174bff/numpy-2.2.6-cp310-cp310-macosx_11_0_arm64.whl", hash = "sha256:8e41fd67c52b86603a91c1a505ebaef50b3314de0213461c7a6e99c9a3beff90", size = 14360048, upload-time = "2025-05-17T21:28:21.406Z" },
    { url = "https://files.pythonhosted.org/packages/fd/77/dc2fcfc66943c6410e2bf598062f5959372735ffda175b39906d54f02349/numpy-2.2.6-cp310-cp310-macosx_14_0_arm64.whl", hash = "sha256:37e990a01ae6ec7fe7fa1c26c55ecb672dd98b19c3d0e1d1f326fa13cb38d163", size = 5340542, upload-time = "2025-05-17T21:28:30.931Z" },
    { url = "https://files.pythonhosted.org/packages/7a/4f/1cb5fdc353a5f5cc7feb692db9b8ec2c3d6405453f982435efc52561df58/numpy-2.2.6-cp310-cp310-macosx_14_0_x86_64.whl", hash = "sha256:5a6429d4be8ca66d889b7cf70f536a397dc45ba6faeb5f8c5427935d9592e9cf", size = 6878301, upload-time = "2025-05-17T21:28:41.613Z" },
    { url = "https://files.pythonhosted.org/packages/eb/17/96a3acd228cec142fcb8723bd3cc39c2a474f7dcf0a5d16731980bcafa95/numpy-2.2.6-cp310-cp310-manylinux_2_17_aarch64.manylinux2014_aarch64.whl", hash = "sha256:efd28d4e9cd7d7a8d39074a4d44c63eda73401580c5c76acda2ce969e0a38e83", size = 14297320, upload-time = "2025-05-17T21:29:02.78Z" },
    { url = "https://files.pythonhosted.org/packages/b4/63/3de6a34ad7ad6646ac7d2f55ebc6ad439dbbf9c4370017c50cf403fb19b5/numpy-2.2.6-cp310-cp310-manylinux_2_17_x86_64.manylinux2014_x86_64.whl", hash = "sha256:fc7b73d02efb0e18c000e9ad8b83480dfcd5dfd11065997ed4c6747470ae8915", size = 16801050, upload-time = "2025-05-17T21:29:27.675Z" },
    { url = "https://files.pythonhosted.org/packages/07/b6/89d837eddef52b3d0cec5c6ba0456c1bf1b9ef6a6672fc2b7873c3ec4e2e/numpy-2.2.6-cp310-cp310-musllinux_1_2_aarch64.whl", hash = "sha256:74d4531beb257d2c3f4b261bfb0fc09e0f9ebb8842d82a7b4209415896adc680", size = 15807034, upload-time = "2025-05-17T21:29:51.102Z" },
    { url = "https://files.pythonhosted.org/packages/01/c8/dc6ae86e3c61cfec1f178e5c9f7858584049b6093f843bca541f94120920/numpy-2.2.6-cp310-cp310-musllinux_1_2_x86_64.whl", hash = "sha256:8fc377d995680230e83241d8a96def29f204b5782f371c532579b4f20607a289", size = 18614185, upload-time = "2025-05-17T21:30:18.703Z" },
    { url = "https://files.pythonhosted.org/packages/5b/c5/0064b1b7e7c89137b471ccec1fd2282fceaae0ab3a9550f2568782d80357/numpy-2.2.6-cp310-cp310-win32.whl", hash = "sha256:b093dd74e50a8cba3e873868d9e93a85b78e0daf2e98c6797566ad8044e8363d", size = 6527149, upload-time = "2025-05-17T21:30:29.788Z" },
    { url = "https://files.pythonhosted.org/packages/a3/dd/4b822569d6b96c39d1215dbae0582fd99954dcbcf0c1a13c61783feaca3f/numpy-2.2.6-cp310-cp310-win_amd64.whl", hash = "sha256:f0fd6321b839904e15c46e0d257fdd101dd7f530fe03fd6359c1ea63738703f3", size = 12904620, upload-time = "2025-05-17T21:30:48.994Z" },
    { url = "https://files.pythonhosted.org/packages/da/a8/4f83e2aa666a9fbf56d6118faaaf5f1974d456b1823fda0a176eff722839/numpy-2.2.6-cp311-cp311-macosx_10_9_x86_64.whl", hash = "sha256:f9f1adb22318e121c5c69a09142811a201ef17ab257a1e66ca3025065b7f53ae", size = 21176963, upload-time = "2025-05-17T21:31:19.36Z" },
    { url = "https://files.pythonhosted.org/packages/b3/2b/64e1affc7972decb74c9e29e5649fac940514910960ba25cd9af4488b66c/numpy-2.2.6-cp311-cp311-macosx_11_0_arm64.whl", hash = "sha256:c820a93b0255bc360f53eca31a0e676fd1101f673dda8da93454a12e23fc5f7a", size = 14406743, upload-time = "2025-05-17T21:31:41.087Z" },
    { url = "https://files.pythonhosted.org/packages/4a/9f/0121e375000b5e50ffdd8b25bf78d8e1a5aa4cca3f185d41265198c7b834/numpy-2.2.6-cp311-cp311-macosx_14_0_arm64.whl", hash = "sha256:3d70692235e759f260c3d837193090014aebdf026dfd167834bcba43e30c2a42", size = 5352616, upload-time = "2025-05-17T21:31:50.072Z" },
    { url = "https://files.pythonhosted.org/packages/31/0d/b48c405c91693635fbe2dcd7bc84a33a602add5f63286e024d3b6741411c/numpy-2.2.6-cp311-cp311-macosx_14_0_x86_64.whl", hash = "sha256:481b49095335f8eed42e39e8041327c05b0f6f4780488f61286ed3c01368d491", size = 6889579, upload-time = "2025-05-17T21:32:01.712Z" },
    { url = "https://files.pythonhosted.org/packages/52/b8/7f0554d49b565d0171eab6e99001846882000883998e7b7d9f0d98b1f934/numpy-2.2.6-cp311-cp311-manylinux_2_17_aarch64.manylinux2014_aarch64.whl", hash = "sha256:b64d8d4d17135e00c8e346e0a738deb17e754230d7e0810ac5012750bbd85a5a", size = 14312005, upload-time = "2025-05-17T21:32:23.332Z" },
    { url = "https://files.pythonhosted.org/packages/b3/dd/2238b898e51bd6d389b7389ffb20d7f4c10066d80351187ec8e303a5a475/numpy-2.2.6-cp311-cp311-manylinux_2_17_x86_64.manylinux2014_x86_64.whl", hash = "sha256:ba10f8411898fc418a521833e014a77d3ca01c15b0c6cdcce6a0d2897e6dbbdf", size = 16821570, upload-time = "2025-05-17T21:32:47.991Z" },
    { url = "https://files.pythonhosted.org/packages/83/6c/44d0325722cf644f191042bf47eedad61c1e6df2432ed65cbe28509d404e/numpy-2.2.6-cp311-cp311-musllinux_1_2_aarch64.whl", hash = "sha256:bd48227a919f1bafbdda0583705e547892342c26fb127219d60a5c36882609d1", size = 15818548, upload-time = "2025-05-17T21:33:11.728Z" },
    { url = "https://files.pythonhosted.org/packages/ae/9d/81e8216030ce66be25279098789b665d49ff19eef08bfa8cb96d4957f422/numpy-2.2.6-cp311-cp311-musllinux_1_2_x86_64.whl", hash = "sha256:9551a499bf125c1d4f9e250377c1ee2eddd02e01eac6644c080162c0c51778ab", size = 18620521, upload-time = "2025-05-17T21:33:39.139Z" },
    { url = "https://files.pythonhosted.org/packages/6a/fd/e19617b9530b031db51b0926eed5345ce8ddc669bb3bc0044b23e275ebe8/numpy-2.2.6-cp311-cp311-win32.whl", hash = "sha256:0678000bb9ac1475cd454c6b8c799206af8107e310843532b04d49649c717a47", size = 6525866, upload-time = "2025-05-17T21:33:50.273Z" },
    { url = "https://files.pythonhosted.org/packages/31/0a/f354fb7176b81747d870f7991dc763e157a934c717b67b58456bc63da3df/numpy-2.2.6-cp311-cp311-win_amd64.whl", hash = "sha256:e8213002e427c69c45a52bbd94163084025f533a55a59d6f9c5b820774ef3303", size = 12907455, upload-time = "2025-05-17T21:34:09.135Z" },
    { url = "https://files.pythonhosted.org/packages/82/5d/c00588b6cf18e1da539b45d3598d3557084990dcc4331960c15ee776ee41/numpy-2.2.6-cp312-cp312-macosx_10_13_x86_64.whl", hash = "sha256:41c5a21f4a04fa86436124d388f6ed60a9343a6f767fced1a8a71c3fbca038ff", size = 20875348, upload-time = "2025-05-17T21:34:39.648Z" },
    { url = "https://files.pythonhosted.org/packages/66/ee/560deadcdde6c2f90200450d5938f63a34b37e27ebff162810f716f6a230/numpy-2.2.6-cp312-cp312-macosx_11_0_arm64.whl", hash = "sha256:de749064336d37e340f640b05f24e9e3dd678c57318c7289d222a8a2f543e90c", size = 14119362, upload-time = "2025-05-17T21:35:01.241Z" },
    { url = "https://files.pythonhosted.org/packages/3c/65/4baa99f1c53b30adf0acd9a5519078871ddde8d2339dc5a7fde80d9d87da/numpy-2.2.6-cp312-cp312-macosx_14_0_arm64.whl", hash = "sha256:894b3a42502226a1cac872f840030665f33326fc3dac8e57c607905773cdcde3", size = 5084103, upload-time = "2025-05-17T21:35:10.622Z" },
    { url = "https://files.pythonhosted.org/packages/cc/89/e5a34c071a0570cc40c9a54eb472d113eea6d002e9ae12bb3a8407fb912e/numpy-2.2.6-cp312-cp312-macosx_14_0_x86_64.whl", hash = "sha256:71594f7c51a18e728451bb50cc60a3ce4e6538822731b2933209a1f3614e9282", size = 6625382, upload-time = "2025-05-17T21:35:21.414Z" },
    { url = "https://files.pythonhosted.org/packages/f8/35/8c80729f1ff76b3921d5c9487c7ac3de9b2a103b1cd05e905b3090513510/numpy-2.2.6-cp312-cp312-manylinux_2_17_aarch64.manylinux2014_aarch64.whl", hash = "sha256:f2618db89be1b4e05f7a1a847a9c1c0abd63e63a1607d892dd54668dd92faf87", size = 14018462, upload-time = "2025-05-17T21:35:42.174Z" },
    { url = "https://files.pythonhosted.org/packages/8c/3d/1e1db36cfd41f895d266b103df00ca5b3cbe965184df824dec5c08c6b803/numpy-2.2.6-cp312-cp312-manylinux_2_17_x86_64.manylinux2014_x86_64.whl", hash = "sha256:fd83c01228a688733f1ded5201c678f0c53ecc1006ffbc404db9f7a899ac6249", size = 16527618, upload-time = "2025-05-17T21:36:06.711Z" },
    { url = "https://files.pythonhosted.org/packages/61/c6/03ed30992602c85aa3cd95b9070a514f8b3c33e31124694438d88809ae36/numpy-2.2.6-cp312-cp312-musllinux_1_2_aarch64.whl", hash = "sha256:37c0ca431f82cd5fa716eca9506aefcabc247fb27ba69c5062a6d3ade8cf8f49", size = 15505511, upload-time = "2025-05-17T21:36:29.965Z" },
    { url = "https://files.pythonhosted.org/packages/b7/25/5761d832a81df431e260719ec45de696414266613c9ee268394dd5ad8236/numpy-2.2.6-cp312-cp312-musllinux_1_2_x86_64.whl", hash = "sha256:fe27749d33bb772c80dcd84ae7e8df2adc920ae8297400dabec45f0dedb3f6de", size = 18313783, upload-time = "2025-05-17T21:36:56.883Z" },
    { url = "https://files.pythonhosted.org/packages/57/0a/72d5a3527c5ebffcd47bde9162c39fae1f90138c961e5296491ce778e682/numpy-2.2.6-cp312-cp312-win32.whl", hash = "sha256:4eeaae00d789f66c7a25ac5f34b71a7035bb474e679f410e5e1a94deb24cf2d4", size = 6246506, upload-time = "2025-05-17T21:37:07.368Z" },
    { url = "https://files.pythonhosted.org/packages/36/fa/8c9210162ca1b88529ab76b41ba02d433fd54fecaf6feb70ef9f124683f1/numpy-2.2.6-cp312-cp312-win_amd64.whl", hash = "sha256:c1f9540be57940698ed329904db803cf7a402f3fc200bfe599334c9bd84a40b2", size = 12614190, upload-time = "2025-05-17T21:37:26.213Z" },
    { url = "https://files.pythonhosted.org/packages/9e/3b/d94a75f4dbf1ef5d321523ecac21ef23a3cd2ac8b78ae2aac40873590229/numpy-2.2.6-pp310-pypy310_pp73-macosx_10_15_x86_64.whl", hash = "sha256:0b605b275d7bd0c640cad4e5d30fa701a8d59302e127e5f79138ad62762c3e3d", size = 21040391, upload-time = "2025-05-17T21:44:35.948Z" },
    { url = "https://files.pythonhosted.org/packages/17/f4/09b2fa1b58f0fb4f7c7963a1649c64c4d315752240377ed74d9cd878f7b5/numpy-2.2.6-pp310-pypy310_pp73-macosx_14_0_x86_64.whl", hash = "sha256:7befc596a7dc9da8a337f79802ee8adb30a552a94f792b9c9d18c840055907db", size = 6786754, upload-time = "2025-05-17T21:44:47.446Z" },
    { url = "https://files.pythonhosted.org/packages/af/30/feba75f143bdc868a1cc3f44ccfa6c4b9ec522b36458e738cd00f67b573f/numpy-2.2.6-pp310-pypy310_pp73-manylinux_2_17_x86_64.manylinux2014_x86_64.whl", hash = "sha256:ce47521a4754c8f4593837384bd3424880629f718d87c5d44f8ed763edd63543", size = 16643476, upload-time = "2025-05-17T21:45:11.871Z" },
    { url = "https://files.pythonhosted.org/packages/37/48/ac2a9584402fb6c0cd5b5d1a91dcf176b15760130dd386bbafdbfe3640bf/numpy-2.2.6-pp310-pypy310_pp73-win_amd64.whl", hash = "sha256:d042d24c90c41b54fd506da306759e06e568864df8ec17ccc17e9e884634fd00", size = 12812666, upload-time = "2025-05-17T21:45:31.426Z" },
]

[[package]]
name = "numpy"
version = "2.4.6"
source = { registry = "https://pypi.org/simple" }
resolution-markers = [
    "python_full_version >= '3.11'",
]
sdist = { url = "https://files.pythonhosted.org/packages/d0/ad/fed0499ce6a338d2a03ebae59cd15093910c8875328855781952abf6c2fe/numpy-2.4.6.tar.gz", hash = "sha256:f3a3570c4a2a16746ac2c31a7c7c7b0c186b95ce902e33db6f28094ed7387dda", size = 20735807, upload-time = "2026-05-18T23:37:14.07Z" }
wheels = [
    { url = "https://files.pythonhosted.org/packages/b3/49/ec46835a70be8fa6446c495126ac84fdb28cb2558e1620ffb87a10c8b64c/numpy-2.4.6-cp311-cp311-macosx_10_9_x86_64.whl", hash = "sha256:0280e0356c0829a18d9de1cb7eee50ec22ca639878d7240307ca0943d73cd2c4", size = 16969194, upload-time = "2026-05-18T23:33:13.503Z" },
    { url = "https://files.pythonhosted.org/packages/0e/0d/f5957185c0ee2f3e12f78715aa9e3b353fd83633316c8532b38faa37e3f6/numpy-2.4.6-cp311-cp311-macosx_11_0_arm64.whl", hash = "sha256:110f8b71aacb688ec69062bb7f6938a0f8acb01b7c1c4beb453c65b6d234584d", size = 14964111, upload-time = "2026-05-18T23:33:17.795Z" },
    { url = "https://files.pythonhosted.org/packages/ad/40/40a40ee0ddf7ceb782c49af278894b686e586d65d8c1889c8b5da01a3d7d/numpy-2.4.6-cp311-cp311-macosx_14_0_arm64.whl", hash = "sha256:4cfe66903cc32a9921a6733d96b19bb6abf310397581bbad89c228f5abaf0ee8", size = 5469159, upload-time = "2026-05-18T23:33:20.654Z" },
    { url = "https://files.pythonhosted.org/packages/63/13/f9a8046535cb21deae82f8d03de9617e08882d274fad2539630761888228/numpy-2.4.6-cp311-cp311-macosx_14_0_x86_64.whl", hash = "sha256:8155154c7c691289fe18f510b5d4657c68c67989f293f0535a91360392ff6538", size = 6798936, upload-time = "2026-05-18T23:33:22.987Z" },
    { url = "https://files.pythonhosted.org/packages/33/a8/6fa8c1a345a8c85dbb21932c447bee07c30a2c2a3f31e369c0a84b300147/numpy-2.4.6-cp311-cp311-manylinux_2_27_aarch64.manylinux_2_28_aarch64.whl", hash = "sha256:0ab0a9c4ffb1a6d95ef519fe4247dba8eb6b18ad93999f76b7f657039acabd47", size = 15966692, upload-time = "2026-05-18T23:33:26.62Z" },
    { url = "https://files.pythonhosted.org/packages/02/03/74fe2a4cb3817d94d86402f2506554130a2f01414e299b5a843e5a8a957f/numpy-2.4.6-cp311-cp311-manylinux_2_27_x86_64.manylinux_2_28_x86_64.whl", hash = "sha256:89cd468399cfd2504718f0ba50e410dca55a170b61a02ad92bb18c8a65186e93", size = 16918164, upload-time = "2026-05-18T23:33:29.955Z" },
    { url = "https://files.pythonhosted.org/packages/c5/80/3615be3313f7e7696609bc194b9f0101da809df79e859bdb84e0cd043f46/numpy-2.4.6-cp311-cp311-musllinux_1_2_aarch64.whl", hash = "sha256:c2d37ab77531417474168eb79d6d80b14f821a966818505d03013d0833edb7a8", size = 17322877, upload-time = "2026-05-18T23:33:34.724Z" },
    { url = "https://files.pythonhosted.org/packages/ca/ac/a691e0fe2675e370d0e08ff905adc49a1c8830e8cae03efe4477e92cd55d/numpy-2.4.6-cp311-cp311-musllinux_1_2_x86_64.whl", hash = "sha256:f407cb6b8e9d6d8c626bc73c945db1706035af8fd632295547bf1c9e46d092d6", size = 18651487, upload-time = "2026-05-18T23:33:38.217Z" },
    { url = "https://files.pythonhosted.org/packages/15/a7/9bc1cd626d7bf6869bfedf27b91b6ab5dd607758bf8e959d6fa80c6a59cb/numpy-2.4.6-cp311-cp311-win32.whl", hash = "sha256:ddea102b48f9e339f3948bf22040944184627a30fdf7f858667673b9c5f033c8", size = 6233945, upload-time = "2026-05-18T23:33:41.331Z" },
    { url = "https://files.pythonhosted.org/packages/c5/31/7fc6239c12bce7e931463251cca4426c465e1876ba3cc785402ef4dd8f4e/numpy-2.4.6-cp311-cp311-win_amd64.whl", hash = "sha256:1e254a00cdf42b1e4d5b3d68d33af63268d41340d8885df2ab6470f2e1500147", size = 12608406, upload-time = "2026-05-18T23:33:44.131Z" },
    { url = "https://files.pythonhosted.org/packages/27/83/140f85a466595a16382996a1bf06b2b54bcd597488921b0c9daaeeda72af/numpy-2.4.6-cp311-cp311-win_arm64.whl", hash = "sha256:ed9749eef4cbd126da3dc1d6bcb3a57f5eb7ac6a6484146bdbf743f552dfc577", size = 10479528, upload-time = "2026-05-18T23:33:50.725Z" },
    { url = "https://files.pythonhosted.org/packages/95/2a/3d7b5ac8aac24feaf9ad7ed58f45b0bbc06d37e4338ae84c9f2298b570f9/numpy-2.4.6-cp312-cp312-macosx_10_13_x86_64.whl", hash = "sha256:001fbb8e08d942dd57599e781f2472269ee7f2755fae407b4f67b2f0b17da3f1", size = 16689119, upload-time = "2026-05-18T23:33:54.065Z" },
    { url = "https://files.pythonhosted.org/packages/ea/12/92c4c131527599e8288d6918e888d88726f84d805d784b771f32408aeaef/numpy-2.4.6-cp312-cp312-macosx_11_0_arm64.whl", hash = "sha256:ebfb099f8dcf083deef3ac1ca4c1503f387cf76296fcb3816b66f5ecb5f54fdb", size = 14699246, upload-time = "2026-05-18T23:33:57.621Z" },
    { url = "https://files.pythonhosted.org/packages/ad/fe/c0a6b7b2ca128a8fb228575147073b660656734b8ebe4d76c8fd748dcc79/numpy-2.4.6-cp312-cp312-macosx_14_0_arm64.whl", hash = "sha256:3213d622a0283a39a93d188f3cf72b26862df52fbb4ca3697f51705016523d41", size = 5204410, upload-time = "2026-05-18T23:34:00.302Z" },
    { url = "https://files.pythonhosted.org/packages/f3/d4/9770d14ba719432bb90a421bfd443872ed0f70f7264b64bec12ea363d5fd/numpy-2.4.6-cp312-cp312-macosx_14_0_x86_64.whl", hash = "sha256:357cc07a6d7b0b182ff02249616a03742827ebb1277546b5c7cd7f7620a45698", size = 6551240, upload-time = "2026-05-18T23:34:02.852Z" },
    { url = "https://files.pythonhosted.org/packages/c9/c6/50a46a6205feba2343f1d6d17438107c5dc491ed1c736e6ea68689fd906b/numpy-2.4.6-cp312-cp312-manylinux_2_27_aarch64.manylinux_2_28_aarch64.whl", hash = "sha256:5f9fb9157b4ce2971008323afe46053787b526ef624fea915b261468a8421a0f", size = 15671012, upload-time = "2026-05-18T23:34:05.485Z" },
    { url = "https://files.pythonhosted.org/packages/99/60/14115e6364fa676c5397c2ad3004e527e9aa487abf5d0706ec81bbd08529/numpy-2.4.6-cp312-cp312-manylinux_2_27_x86_64.manylinux_2_28_x86_64.whl", hash = "sha256:90f9849678c75fe7afa2d348ac842c168b0a4d3d61919687216dfc547976d853", size = 16645538, upload-time = "2026-05-18T23:34:09.265Z" },
    { url = "https://files.pythonhosted.org/packages/ae/c5/693cbe59e57db94d2231fa519ca3978dc9e19da5a8f088588f5c6e947ff2/numpy-2.4.6-cp312-cp312-musllinux_1_2_aarch64.whl", hash = "sha256:c1a2af6c6ef86344a6b0db6b97834208bf598db514f2b155042439b62605601a", size = 17020706, upload-time = "2026-05-18T23:34:13.053Z" },
    { url = "https://files.pythonhosted.org/packages/ef/fc/85b7c4eff9b4966ade25c2273cf7e7012e92366c032058653934b37de044/numpy-2.4.6-cp312-cp312-musllinux_1_2_x86_64.whl", hash = "sha256:e5805d5a22fd19c8ccff10a9561f9df94436b0545619ea579db2d3c35294bce2", size = 18368541, upload-time = "2026-05-18T23:34:17.024Z" },
    { url = "https://files.pythonhosted.org/packages/f6/81/e1b27545deedce7f4a0b348618c6b62d74e36a4dc9ccd42f3eb2f85eee32/numpy-2.4.6-cp312-cp312-win32.whl", hash = "sha256:e3eeb0aabd6bd5ce64faae67e9935203a6991b4bc2a485a767fbafb2c5125f45", size = 5962825, upload-time = "2026-05-18T23:34:20.3Z" },
    { url = "https://files.pythonhosted.org/packages/ab/ca/feab00bd44aa5fe1ad2c18f08b4d3bb92e26484b0b1d1443897809ed528c/numpy-2.4.6-cp312-cp312-win_amd64.whl", hash = "sha256:d8e8286dd7cea7895157318d1b91cdacac64c479f3cbc8dce548331728484751", size = 12321687, upload-time = "2026-05-18T23:34:23.095Z" },
    { url = "https://files.pythonhosted.org/packages/63/cf/5a6d34850a39d1093558564f77ee8e8e0bee5061151b8f05a55711001ec7/numpy-2.4.6-cp312-cp312-win_arm64.whl", hash = "sha256:4081eb135ac24158bd51cdfbef16f1c64df7063b1143f24731387137c092bec8", size = 10221482, upload-time = "2026-05-18T23:34:25.876Z" },
    { url = "https://files.pythonhosted.org/packages/de/12/b422cc84439adc0d00de605bf4a308890ae5c26f2c71fbd73e5d08fbb0dd/numpy-2.4.6-pp311-pypy311_pp73-macosx_10_15_x86_64.whl", hash = "sha256:55cced7c52e981362f708ad635198e97a752dfba412cc03c23bbf3bd8d5cd662", size = 16847511, upload-time = "2026-05-18T23:36:50.673Z" },
    { url = "https://files.pythonhosted.org/packages/44/53/f481bef68011740f8849418d82db07230e825013f31f4eef5ba5b805316a/numpy-2.4.6-pp311-pypy311_pp73-macosx_11_0_arm64.whl", hash = "sha256:d6da64deb6b8ed903e7560180a92f2d804ee1ba5eeb849ac2748b8c1aba1f6d7", size = 14889064, upload-time = "2026-05-18T23:36:53.879Z" },
    { url = "https://files.pythonhosted.org/packages/7f/57/42ed575c10ced8af951d426bc4e1f8aff16fd851db33f067036215a7f860/numpy-2.4.6-pp311-pypy311_pp73-macosx_14_0_arm64.whl", hash = "sha256:68a5124b13fa6cc2086764a20005d30bc0548146f7f5322f02fce212ca14317f", size = 5394157, upload-time = "2026-05-18T23:36:57.194Z" },
    { url = "https://files.pythonhosted.org/packages/6a/ef/f66cc724fcc36c1e364c67f51ae9146090b8b584f27d58b97fdae3edd737/numpy-2.4.6-pp311-pypy311_pp73-macosx_14_0_x86_64.whl", hash = "sha256:948424b06129ce883307e8cff868c31396d8dc7630a59c61d70d98dbe70f222c", size = 6708728, upload-time = "2026-05-18T23:36:59.575Z" },
    { url = "https://files.pythonhosted.org/packages/1a/9c/c531f2293b91265d8b48e9b329f54fdd7ffae73cb4134ea10cca4237e9cc/numpy-2.4.6-pp311-pypy311_pp73-manylinux_2_27_aarch64.manylinux_2_28_aarch64.whl", hash = "sha256:5dbbdb29840ca3d91ee0fece42fc29278886d908280bfec0a5846c6f901a3eb0", size = 15798374, upload-time = "2026-05-18T23:37:02.674Z" },
    { url = "https://files.pythonhosted.org/packages/1a/b0/413077f6b1153ed3cba361401c6783bbad6114804a000cc22eb71c13e190/numpy-2.4.6-pp311-pypy311_pp73-manylinux_2_27_x86_64.manylinux_2_28_x86_64.whl", hash = "sha256:8ad03c0965fb3c692200e74d458ca28c1dbb4ce96f9a479a8aa041ad5fabca02", size = 16747286, upload-time = "2026-05-18T23:37:06.327Z" },
    { url = "https://files.pythonhosted.org/packages/15/ce/e5ec180bc41812edcd8daeb8639d205622c0e8c02259d8ab25a0201b3c2a/numpy-2.4.6-pp311-pypy311_pp73-win_amd64.whl", hash = "sha256:2803abfebfc990042cd494d8ce2d5f82e9d847af6d35ec486923aa19dbad5e73", size = 12504263, upload-time = "2026-05-18T23:37:09.715Z" },
]

[[package]]
name = "oak-sensor"
version = "0.1.0"
source = { editable = "." }
dependencies = [
    { name = "depthai" },
    { name = "numpy", version = "2.2.6", source = { registry = "https://pypi.org/simple" }, marker = "python_full_version < '3.11'" },
    { name = "numpy", version = "2.4.6", source = { registry = "https://pypi.org/simple" }, marker = "python_full_version >= '3.11'" },
    { name = "opencv-python-headless" },
    { name = "websockets" },
]

[package.metadata]
requires-dist = [
    { name = "depthai", specifier = ">=2.24" },
    { name = "numpy", specifier = ">=1.26" },
    { name = "opencv-python-headless", specifier = ">=4.9" },
    { name = "websockets", specifier = ">=12.0" },
]

[[package]]
name = "opencv-python-headless"
version = "4.13.0.92"
source = { registry = "https://pypi.org/simple" }
dependencies = [
    { name = "numpy", version = "2.2.6", source = { registry = "https://pypi.org/simple" }, marker = "python_full_version < '3.11'" },
    { name = "numpy", version = "2.4.6", source = { registry = "https://pypi.org/simple" }, marker = "python_full_version >= '3.11'" },
]
wheels = [
    { url = "https://files.pythonhosted.org/packages/79/42/2310883be3b8826ac58c3f2787b9358a2d46923d61f88fedf930bc59c60c/opencv_python_headless-4.13.0.92-cp37-abi3-macosx_13_0_arm64.whl", hash = "sha256:1a7d040ac656c11b8c38677cc8cccdc149f98535089dbe5b081e80a4e5903209", size = 46247192, upload-time = "2026-02-05T07:01:35.187Z" },
    { url = "https://files.pythonhosted.org/packages/2d/1e/6f9e38005a6f7f22af785df42a43139d0e20f169eb5787ce8be37ee7fcc9/opencv_python_headless-4.13.0.92-cp37-abi3-macosx_14_0_x86_64.whl", hash = "sha256:3e0a6f0a37994ec6ce5f59e936be21d5d6384a4556f2d2da9c2f9c5dc948394c", size = 32568914, upload-time = "2026-02-05T07:01:51.989Z" },
    { url = "https://files.pythonhosted.org/packages/21/76/9417a6aef9def70e467a5bf560579f816148a4c658b7d525581b356eda9e/opencv_python_headless-4.13.0.92-cp37-abi3-manylinux2014_aarch64.manylinux_2_17_aarch64.whl", hash = "sha256:5c8cfc8e87ed452b5cecb9419473ee5560a989859fe1d10d1ce11ae87b09a2cb", size = 33703709, upload-time = "2026-02-05T10:24:46.469Z" },
    { url = "https://files.pythonhosted.org/packages/92/ce/bd17ff5772938267fd49716e94ca24f616ff4cb1ff4c6be13085108037be/opencv_python_headless-4.13.0.92-cp37-abi3-manylinux2014_x86_64.manylinux_2_17_x86_64.whl", hash = "sha256:0525a3d2c0b46c611e2130b5fdebc94cf404845d8fa64d2f3a3b679572a5bd22", size = 56016764, upload-time = "2026-02-05T10:26:48.904Z" },
    { url = "https://files.pythonhosted.org/packages/8f/b4/b7bcbf7c874665825a8c8e1097e93ea25d1f1d210a3e20d4451d01da30aa/opencv_python_headless-4.13.0.92-cp37-abi3-manylinux_2_28_aarch64.whl", hash = "sha256:eb60e36b237b1ebd40a912da5384b348df8ed534f6f644d8e0b4f103e272ba7d", size = 35010236, upload-time = "2026-02-05T10:28:11.031Z" },
    { url = "https://files.pythonhosted.org/packages/4b/33/b5db29a6c00eb8f50708110d8d453747ca125c8b805bc437b289dbdcc057/opencv_python_headless-4.13.0.92-cp37-abi3-manylinux_2_28_x86_64.whl", hash = "sha256:0bd48544f77c68b2941392fcdf9bcd2b9cdf00e98cb8c29b2455d194763cf99e", size = 60391106, upload-time = "2026-02-05T10:30:14.236Z" },
    { url = "https://files.pythonhosted.org/packages/fb/c3/52cfea47cd33e53e8c0fbd6e7c800b457245c1fda7d61660b4ffe9596a7f/opencv_python_headless-4.13.0.92-cp37-abi3-win32.whl", hash = "sha256:a7cf08e5b191f4ebb530791acc0825a7986e0d0dee2a3c491184bd8599848a4b", size = 30812232, upload-time = "2026-02-05T07:02:29.594Z" },
    { url = "https://files.pythonhosted.org/packages/4a/90/b338326131ccb2aaa3c2c85d00f41822c0050139a4bfe723cfd95455bd2d/opencv_python_headless-4.13.0.92-cp37-abi3-win_amd64.whl", hash = "sha256:77a82fe35ddcec0f62c15f2ba8a12ecc2ed4207c17b0902c7a3151ae29f37fb6", size = 40070414, upload-time = "2026-02-05T07:02:26.448Z" },
]

[[package]]
name = "websockets"
version = "16.0"
source = { registry = "https://pypi.org/simple" }
sdist = { url = "https://files.pythonhosted.org/packages/04/24/4b2031d72e840ce4c1ccb255f693b15c334757fc50023e4db9537080b8c4/websockets-16.0.tar.gz", hash = "sha256:5f6261a5e56e8d5c42a4497b364ea24d94d9563e8fbd44e78ac40879c60179b5", size = 179346, upload-time = "2026-01-10T09:23:47.181Z" }
wheels = [
    { url = "https://files.pythonhosted.org/packages/20/74/221f58decd852f4b59cc3354cccaf87e8ef695fede361d03dc9a7396573b/websockets-16.0-cp310-cp310-macosx_10_9_universal2.whl", hash = "sha256:04cdd5d2d1dacbad0a7bf36ccbcd3ccd5a30ee188f2560b7a62a30d14107b31a", size = 177343, upload-time = "2026-01-10T09:22:21.28Z" },
    { url = "https://files.pythonhosted.org/packages/19/0f/22ef6107ee52ab7f0b710d55d36f5a5d3ef19e8a205541a6d7ffa7994e5a/websockets-16.0-cp310-cp310-macosx_10_9_x86_64.whl", hash = "sha256:8ff32bb86522a9e5e31439a58addbb0166f0204d64066fb955265c4e214160f0", size = 175021, upload-time = "2026-01-10T09:22:22.696Z" },
    { url = "https://files.pythonhosted.org/packages/10/40/904a4cb30d9b61c0e278899bf36342e9b0208eb3c470324a9ecbaac2a30f/websockets-16.0-cp310-cp310-macosx_11_0_arm64.whl", hash = "sha256:583b7c42688636f930688d712885cf1531326ee05effd982028212ccc13e5957", size = 175320, upload-time = "2026-01-10T09:22:23.94Z" },
    { url = "https://files.pythonhosted.org/packages/9d/2f/4b3ca7e106bc608744b1cdae041e005e446124bebb037b18799c2d356864/websockets-16.0-cp310-cp310-manylinux1_x86_64.manylinux_2_28_x86_64.manylinux_2_5_x86_64.whl", hash = "sha256:7d837379b647c0c4c2355c2499723f82f1635fd2c26510e1f587d89bc2199e72", size = 183815, upload-time = "2026-01-10T09:22:25.469Z" },
    { url = "https://files.pythonhosted.org/packages/86/26/d40eaa2a46d4302becec8d15b0fc5e45bdde05191e7628405a19cf491ccd/websockets-16.0-cp310-cp310-manylinux2014_aarch64.manylinux_2_17_aarch64.manylinux_2_28_aarch64.whl", hash = "sha256:df57afc692e517a85e65b72e165356ed1df12386ecb879ad5693be08fac65dde", size = 185054, upload-time = "2026-01-10T09:22:27.101Z" },
    { url = "https://files.pythonhosted.org/packages/b0/ba/6500a0efc94f7373ee8fefa8c271acdfd4dca8bd49a90d4be7ccabfc397e/websockets-16.0-cp310-cp310-musllinux_1_2_aarch64.whl", hash = "sha256:2b9f1e0d69bc60a4a87349d50c09a037a2607918746f07de04df9e43252c77a3", size = 184565, upload-time = "2026-01-10T09:22:28.293Z" },
    { url = "https://files.pythonhosted.org/packages/04/b4/96bf2cee7c8d8102389374a2616200574f5f01128d1082f44102140344cc/websockets-16.0-cp310-cp310-musllinux_1_2_x86_64.whl", hash = "sha256:335c23addf3d5e6a8633f9f8eda77efad001671e80b95c491dd0924587ece0b3", size = 183848, upload-time = "2026-01-10T09:22:30.394Z" },
    { url = "https://files.pythonhosted.org/packages/02/8e/81f40fb00fd125357814e8c3025738fc4ffc3da4b6b4a4472a82ba304b41/websockets-16.0-cp310-cp310-win32.whl", hash = "sha256:37b31c1623c6605e4c00d466c9d633f9b812ea430c11c8a278774a1fde1acfa9", size = 178249, upload-time = "2026-01-10T09:22:32.083Z" },
    { url = "https://files.pythonhosted.org/packages/b4/5f/7e40efe8df57db9b91c88a43690ac66f7b7aa73a11aa6a66b927e44f26fa/websockets-16.0-cp310-cp310-win_amd64.whl", hash = "sha256:8e1dab317b6e77424356e11e99a432b7cb2f3ec8c5ab4dabbcee6add48f72b35", size = 178685, upload-time = "2026-01-10T09:22:33.345Z" },
    { url = "https://files.pythonhosted.org/packages/f2/db/de907251b4ff46ae804ad0409809504153b3f30984daf82a1d84a9875830/websockets-16.0-cp311-cp311-macosx_10_9_universal2.whl", hash = "sha256:31a52addea25187bde0797a97d6fc3d2f92b6f72a9370792d65a6e84615ac8a8", size = 177340, upload-time = "2026-01-10T09:22:34.539Z" },
    { url = "https://files.pythonhosted.org/packages/f3/fa/abe89019d8d8815c8781e90d697dec52523fb8ebe308bf11664e8de1877e/websockets-16.0-cp311-cp311-macosx_10_9_x86_64.whl", hash = "sha256:417b28978cdccab24f46400586d128366313e8a96312e4b9362a4af504f3bbad", size = 175022, upload-time = "2026-01-10T09:22:36.332Z" },
    { url = "https://files.pythonhosted.org/packages/58/5d/88ea17ed1ded2079358b40d31d48abe90a73c9e5819dbcde1606e991e2ad/websockets-16.0-cp311-cp311-macosx_11_0_arm64.whl", hash = "sha256:af80d74d4edfa3cb9ed973a0a5ba2b2a549371f8a741e0800cb07becdd20f23d", size = 175319, upload-time = "2026-01-10T09:22:37.602Z" },
    { url = "https://files.pythonhosted.org/packages/d2/ae/0ee92b33087a33632f37a635e11e1d99d429d3d323329675a6022312aac2/websockets-16.0-cp311-cp311-manylinux1_x86_64.manylinux_2_28_x86_64.manylinux_2_5_x86_64.whl", hash = "sha256:08d7af67b64d29823fed316505a89b86705f2b7981c07848fb5e3ea3020c1abe", size = 184631, upload-time = "2026-01-10T09:22:38.789Z" },
    { url = "https://files.pythonhosted.org/packages/c8/c5/27178df583b6c5b31b29f526ba2da5e2f864ecc79c99dae630a85d68c304/websockets-16.0-cp311-cp311-manylinux2014_aarch64.manylinux_2_17_aarch64.manylinux_2_28_aarch64.whl", hash = "sha256:7be95cfb0a4dae143eaed2bcba8ac23f4892d8971311f1b06f3c6b78952ee70b", size = 185870, upload-time = "2026-01-10T09:22:39.893Z" },
    { url = "https://files.pythonhosted.org/packages/87/05/536652aa84ddc1c018dbb7e2c4cbcd0db884580bf8e95aece7593fde526f/websockets-16.0-cp311-cp311-musllinux_1_2_aarch64.whl", hash = "sha256:d6297ce39ce5c2e6feb13c1a996a2ded3b6832155fcfc920265c76f24c7cceb5", size = 185361, upload-time = "2026-01-10T09:22:41.016Z" },
    { url = "https://files.pythonhosted.org/packages/6d/e2/d5332c90da12b1e01f06fb1b85c50cfc489783076547415bf9f0a659ec19/websockets-16.0-cp311-cp311-musllinux_1_2_x86_64.whl", hash = "sha256:1c1b30e4f497b0b354057f3467f56244c603a79c0d1dafce1d16c283c25f6e64", size = 184615, upload-time = "2026-01-10T09:22:42.442Z" },
    { url = "https://files.pythonhosted.org/packages/77/fb/d3f9576691cae9253b51555f841bc6600bf0a983a461c79500ace5a5b364/websockets-16.0-cp311-cp311-win32.whl", hash = "sha256:5f451484aeb5cafee1ccf789b1b66f535409d038c56966d6101740c1614b86c6", size = 178246, upload-time = "2026-01-10T09:22:43.654Z" },
    { url = "https://files.pythonhosted.org/packages/54/67/eaff76b3dbaf18dcddabc3b8c1dba50b483761cccff67793897945b37408/websockets-16.0-cp311-cp311-win_amd64.whl", hash = "sha256:8d7f0659570eefb578dacde98e24fb60af35350193e4f56e11190787bee77dac", size = 178684, upload-time = "2026-01-10T09:22:44.941Z" },
    { url = "https://files.pythonhosted.org/packages/84/7b/bac442e6b96c9d25092695578dda82403c77936104b5682307bd4deb1ad4/websockets-16.0-cp312-cp312-macosx_10_13_universal2.whl", hash = "sha256:71c989cbf3254fbd5e84d3bff31e4da39c43f884e64f2551d14bb3c186230f00", size = 177365, upload-time = "2026-01-10T09:22:46.787Z" },
    { url = "https://files.pythonhosted.org/packages/b0/fe/136ccece61bd690d9c1f715baaeefd953bb2360134de73519d5df19d29ca/websockets-16.0-cp312-cp312-macosx_10_13_x86_64.whl", hash = "sha256:8b6e209ffee39ff1b6d0fa7bfef6de950c60dfb91b8fcead17da4ee539121a79", size = 175038, upload-time = "2026-01-10T09:22:47.999Z" },
    { url = "https://files.pythonhosted.org/packages/40/1e/9771421ac2286eaab95b8575b0cb701ae3663abf8b5e1f64f1fd90d0a673/websockets-16.0-cp312-cp312-macosx_11_0_arm64.whl", hash = "sha256:86890e837d61574c92a97496d590968b23c2ef0aeb8a9bc9421d174cd378ae39", size = 175328, upload-time = "2026-01-10T09:22:49.809Z" },
    { url = "https://files.pythonhosted.org/packages/18/29/71729b4671f21e1eaa5d6573031ab810ad2936c8175f03f97f3ff164c802/websockets-16.0-cp312-cp312-manylinux1_x86_64.manylinux_2_28_x86_64.manylinux_2_5_x86_64.whl", hash = "sha256:9b5aca38b67492ef518a8ab76851862488a478602229112c4b0d58d63a7a4d5c", size = 184915, upload-time = "2026-01-10T09:22:51.071Z" },
    { url = "https://files.pythonhosted.org/packages/97/bb/21c36b7dbbafc85d2d480cd65df02a1dc93bf76d97147605a8e27ff9409d/websockets-16.0-cp312-cp312-manylinux2014_aarch64.manylinux_2_17_aarch64.manylinux_2_28_aarch64.whl", hash = "sha256:e0334872c0a37b606418ac52f6ab9cfd17317ac26365f7f65e203e2d0d0d359f", size = 186152, upload-time = "2026-01-10T09:22:52.224Z" },
    { url = "https://files.pythonhosted.org/packages/4a/34/9bf8df0c0cf88fa7bfe36678dc7b02970c9a7d5e065a3099292db87b1be2/websockets-16.0-cp312-cp312-musllinux_1_2_aarch64.whl", hash = "sha256:a0b31e0b424cc6b5a04b8838bbaec1688834b2383256688cf47eb97412531da1", size = 185583, upload-time = "2026-01-10T09:22:53.443Z" },
    { url = "https://files.pythonhosted.org/packages/47/88/4dd516068e1a3d6ab3c7c183288404cd424a9a02d585efbac226cb61ff2d/websockets-16.0-cp312-cp312-musllinux_1_2_x86_64.whl", hash = "sha256:485c49116d0af10ac698623c513c1cc01c9446c058a4e61e3bf6c19dff7335a2", size = 184880, upload-time = "2026-01-10T09:22:55.033Z" },
    { url = "https://files.pythonhosted.org/packages/91/d6/7d4553ad4bf1c0421e1ebd4b18de5d9098383b5caa1d937b63df8d04b565/websockets-16.0-cp312-cp312-win32.whl", hash = "sha256:eaded469f5e5b7294e2bdca0ab06becb6756ea86894a47806456089298813c89", size = 178261, upload-time = "2026-01-10T09:22:56.251Z" },
    { url = "https://files.pythonhosted.org/packages/c3/f0/f3a17365441ed1c27f850a80b2bc680a0fa9505d733fe152fdf5e98c1c0b/websockets-16.0-cp312-cp312-win_amd64.whl", hash = "sha256:5569417dc80977fc8c2d43a86f78e0a5a22fee17565d78621b6bb264a115d4ea", size = 178693, upload-time = "2026-01-10T09:22:57.478Z" },
    { url = "https://files.pythonhosted.org/packages/72/07/c98a68571dcf256e74f1f816b8cc5eae6eb2d3d5cfa44d37f801619d9166/websockets-16.0-pp311-pypy311_pp73-macosx_10_15_x86_64.whl", hash = "sha256:349f83cd6c9a415428ee1005cadb5c2c56f4389bc06a9af16103c3bc3dcc8b7d", size = 174947, upload-time = "2026-01-10T09:23:36.166Z" },
    { url = "https://files.pythonhosted.org/packages/7e/52/93e166a81e0305b33fe416338be92ae863563fe7bce446b0f687b9df5aea/websockets-16.0-pp311-pypy311_pp73-macosx_11_0_arm64.whl", hash = "sha256:4a1aba3340a8dca8db6eb5a7986157f52eb9e436b74813764241981ca4888f03", size = 175260, upload-time = "2026-01-10T09:23:37.409Z" },
    { url = "https://files.pythonhosted.org/packages/56/0c/2dbf513bafd24889d33de2ff0368190a0e69f37bcfa19009ef819fe4d507/websockets-16.0-pp311-pypy311_pp73-manylinux1_x86_64.manylinux_2_28_x86_64.manylinux_2_5_x86_64.whl", hash = "sha256:f4a32d1bd841d4bcbffdcb3d2ce50c09c3909fbead375ab28d0181af89fd04da", size = 176071, upload-time = "2026-01-10T09:23:39.158Z" },
    { url = "https://files.pythonhosted.org/packages/a5/8f/aea9c71cc92bf9b6cc0f7f70df8f0b420636b6c96ef4feee1e16f80f75dd/websockets-16.0-pp311-pypy311_pp73-manylinux2014_aarch64.manylinux_2_17_aarch64.manylinux_2_28_aarch64.whl", hash = "sha256:0298d07ee155e2e9fda5be8a9042200dd2e3bb0b8a38482156576f863a9d457c", size = 176968, upload-time = "2026-01-10T09:23:41.031Z" },
    { url = "https://files.pythonhosted.org/packages/9a/3f/f70e03f40ffc9a30d817eef7da1be72ee4956ba8d7255c399a01b135902a/websockets-16.0-pp311-pypy311_pp73-win_amd64.whl", hash = "sha256:a653aea902e0324b52f1613332ddf50b00c06fdaf7e92624fbf8c77c78fa5767", size = 178735, upload-time = "2026-01-10T09:23:42.259Z" },
    { url = "https://files.pythonhosted.org/packages/6f/28/258ebab549c2bf3e64d2b0217b973467394a9cea8c42f70418ca2c5d0d2e/websockets-16.0-py3-none-any.whl", hash = "sha256:1637db62fad1dc833276dded54215f2c7fa46912301a24bd94d45d46a011ceec", size = 171598, upload-time = "2026-01-10T09:23:45.395Z" },
]
